// !$*UTF8*$!
{
	archiveVersion = 1;
	classes = {
	};
	objectVersion = 46;
	objects = {

/* Begin PBXBuildFile section */
		27539FF41B843C1200EFE09F /* AppDelegate.swift in Sources */ = {isa = PBXBuildFile; fileRef = 27539FF31B843C1200EFE09F /* AppDelegate.swift */; };
		27539FF61B843C1200EFE09F /* ViewController.swift in Sources */ = {isa = PBXBuildFile; fileRef = 27539FF51B843C1200EFE09F /* ViewController.swift */; };
		27539FF91B843C1200EFE09F /* Main.storyboard in Resources */ = {isa = PBXBuildFile; fileRef = 27539FF71B843C1200EFE09F /* Main.storyboard */; };
		27539FFB1B843C1200EFE09F /* Images.xcassets in Resources */ = {isa = PBXBuildFile; fileRef = 27539FFA1B843C1200EFE09F /* Images.xcassets */; };
		27539FFE1B843C1200EFE09F /* LaunchScreen.xib in Resources */ = {isa = PBXBuildFile; fileRef = 27539FFC1B843C1200EFE09F /* LaunchScreen.xib */; };
		2753A00A1B843C1200EFE09F /* SceneKitTutorialTests.swift in Sources */ = {isa = PBXBuildFile; fileRef = 2753A0091B843C1200EFE09F /* SceneKitTutorialTests.swift */; };
/* End PBXBuildFile section */

/* Begin PBXContainerItemProxy section */
		2753A0041B843C1200EFE09F /* PBXContainerItemProxy */ = {
			isa = PBXContainerItemProxy;
			containerPortal = 27539FE61B843C1200EFE09F /* Project object */;
			proxyType = 1;
			remoteGlobalIDString = 27539FED1B843C1200EFE09F;
			remoteInfo = SceneKitTutorial;
		};
/* End PBXContainerItemProxy section */

/* Begin PBXFileReference section */
		27539FEE1B843C1200EFE09F /* SceneKitTutorial.app */ = {isa = PBXFileReference; explicitFileType = wrapper.application; includeInIndex = 0; path = SceneKitTutorial.app; sourceTree = BUILT_PRODUCTS_DIR; };
		27539FF21B843C1200EFE09F /* Info.plist */ = {isa = PBXFileReference; lastKnownFileType = text.plist.xml; path = Info.plist; sourceTree = "<group>"; };
		27539FF31B843C1200EFE09F /* AppDelegate.swift */ = {isa = PBXFileReference; lastKnownFileType = sourcecode.swift; path = AppDelegate.swift; sourceTree = "<group>"; };
		27539FF51B843C1200EFE09F /* ViewController.swift */ = {isa = PBXFileReference; lastKnownFileType = sourcecode.swift; path = ViewController.swift; sourceTree = "<group>"; };
		27539FF81B843C1200EFE09F /* Base */ = {isa = PBXFileReference; lastKnownFileType = file.storyboard; name = Base; path = Base.lproj/Main.storyboard; sourceTree = "<group>"; };
		27539FFA1B843C1200EFE09F /* Images.xcassets */ = {isa = PBXFileReference; lastKnownFileType = folder.assetcatalog; path = Images.xcassets; sourceTree = "<group>"; };
		27539FFD1B843C1200EFE09F /* Base */ = {isa = PBXFileReference; lastKnownFileType = file.xib; name = Base; path = Base.lproj/LaunchScreen.xib; sourceTree = "<group>"; };
		2753A0031B843C1200EFE09F /* SceneKitTutorialTests.xctest */ = {isa = PBXFileReference; explicitFileType = wrapper.cfbundle; includeInIndex = 0; path = SceneKitTutorialTests.xctest; sourceTree = BUILT_PRODUCTS_DIR; };
		2753A0081B843C1200EFE09F /* Info.plist */ = {isa = PBXFileReference; lastKnownFileType = text.plist.xml; path = Info.plist; sourceTree = "<group>"; };
		2753A0091B843C1200EFE09F /* SceneKitTutorialTests.swift */ = {isa = PBXFileReference; lastKnownFileType = sourcecode.swift; path = SceneKitTutorialTests.swift; sourceTree = "<group>"; };
/* End PBXFileReference section */

/* Begin PBXFrameworksBuildPhase section */
		27539FEB1B843C1200EFE09F /* Frameworks */ = {
			isa = PBXFrameworksBuildPhase;
			buildActionMask = 2147483647;
			files = (
			);
			runOnlyForDeploymentPostprocessing = 0;
		};
		2753A0001B843C1200EFE09F /* Frameworks */ = {
			isa = PBXFrameworksBuildPhase;
			buildActionMask = 2147483647;
			files = (
			);
			runOnlyForDeploymentPostprocessing = 0;
		};
/* End PBXFrameworksBuildPhase section */

/* Begin PBXGroup section */
		27539FE51B843C1200EFE09F = {
			isa = PBXGroup;
			children = (
				27539FF01B843C1200EFE09F /* SceneKitTutorial */,
				2753A0061B843C1200EFE09F /* SceneKitTutorialTests */,
				27539FEF1B843C1200EFE09F /* Products */,
			);
			sourceTree = "<group>";
		};
		27539FEF1B843C1200EFE09F /* Products */ = {
			isa = PBXGroup;
			children = (
				27539FEE1B843C1200EFE09F /* SceneKitTutorial.app */,
				2753A0031B843C1200EFE09F /* SceneKitTutorialTests.xctest */,
			);
			name = Products;
			sourceTree = "<group>";
		};
		27539FF01B843C1200EFE09F /* SceneKitTutorial */ = {
			isa = PBXGroup;
			children = (
				27539FF31B843C1200EFE09F /* AppDelegate.swift */,
				27539FF51B843C1200EFE09F /* ViewController.swift */,
				27539FF71B843C1200EFE09F /* Main.storyboard */,
				27539FFA1B843C1200EFE09F /* Images.xcassets */,
				27539FFC1B843C1200EFE09F /* LaunchScreen.xib */,
				27539FF11B843C1200EFE09F /* Supporting Files */,
			);
			path = SceneKitTutorial;
			sourceTree = "<group>";
		};
		27539FF11B843C1200EFE09F /* Supporting Files */ = {
			isa = PBXGroup;
			children = (
				27539FF21B843C1200EFE09F /* Info.plist */,
			);
			name = "Supporting Files";
			sourceTree = "<group>";
		};
		2753A0061B843C1200EFE09F /* SceneKitTutorialTests */ = {
			isa = PBXGroup;
			children = (
				2753A0091B843C1200EFE09F /* SceneKitTutorialTests.swift */,
				2753A0071B843C1200EFE09F /* Supporting Files */,
			);
			path = SceneKitTutorialTests;
			sourceTree = "<group>";
		};
		2753A0071B843C1200EFE09F /* Supporting Files */ = {
			isa = PBXGroup;
			children = (
				2753A0081B843C1200EFE09F /* Info.plist */,
			);
			name = "Supporting Files";
			sourceTree = "<group>";
		};
/* End PBXGroup section */

/* Begin PBXNativeTarget section */
		27539FED1B843C1200EFE09F /* SceneKitTutorial */ = {
			isa = PBXNativeTarget;
			buildConfigurationList = 2753A00D1B843C1200EFE09F /* Build configuration list for PBXNativeTarget "SceneKitTutorial" */;
			buildPhases = (
				27539FEA1B843C1200EFE09F /* Sources */,
				27539FEB1B843C1200EFE09F /* Frameworks */,
				27539FEC1B843C1200EFE09F /* Resources */,
			);
			buildRules = (
			);
			dependencies = (
			);
			name = SceneKitTutorial;
			productName = SceneKitTutorial;
			productReference = 27539FEE1B843C1200EFE09F /* SceneKitTutorial.app */;
			productType = "com.apple.product-type.application";
		};
		2753A0021B843C1200EFE09F /* SceneKitTutorialTests */ = {
			isa = PBXNativeTarget;
			buildConfigurationList = 2753A0101B843C1200EFE09F /* Build configuration list for PBXNativeTarget "SceneKitTutorialTests" */;
			buildPhases = (
				27539FFF1B843C1200EFE09F /* Sources */,
				2753A0001B843C1200EFE09F /* Frameworks */,
				2753A0011B843C1200EFE09F /* Resources */,
			);
			buildRules = (
			);
			dependencies = (
				2753A0051B843C1200EFE09F /* PBXTargetDependency */,
			);
			name = SceneKitTutorialTests;
			productName = SceneKitTutorialTests;
			productReference = 2753A0031B843C1200EFE09F /* SceneKitTutorialTests.xctest */;
			productType = "com.apple.product-type.bundle.unit-test";
		};
/* End PBXNativeTarget section */

/* Begin PBXProject section */
		27539FE61B843C1200EFE09F /* Project object */ = {
			isa = PBXProject;
			attributes = {
				LastUpgradeCheck = 0640;
				ORGANIZATIONNAME = RokShop;
				TargetAttributes = {
					27539FED1B843C1200EFE09F = {
						CreatedOnToolsVersion = 6.4;
					};
					2753A0021B843C1200EFE09F = {
						CreatedOnToolsVersion = 6.4;
						TestTargetID = 27539FED1B843C1200EFE09F;
					};
				};
			};
			buildConfigurationList = 27539FE91B843C1200EFE09F /* Build configuration list for PBXProject "SceneKitTutorial" */;
			compatibilityVersion = "Xcode 3.2";
			developmentRegion = English;
			hasScannedForEncodings = 0;
			knownRegions = (
				en,
				Base,
			);
			mainGroup = 27539FE51B843C1200EFE09F;
			productRefGroup = 27539FEF1B843C1200EFE09F /* Products */;
			projectDirPath = "";
			projectRoot = "";
			targets = (
				27539FED1B843C1200EFE09F /* SceneKitTutorial */,
				2753A0021B843C1200EFE09F /* SceneKitTutorialTests */,
			);
		};
/* End PBXProject section */

/* Begin PBXResourcesBuildPhase section */
		27539FEC1B843C1200EFE09F /* Resources */ = {
			isa = PBXResourcesBuildPhase;
			buildActionMask = 2147483647;
			files = (
				27539FF91B843C1200EFE09F /* Main.storyboard in Resources */,
				27539FFE1B843C1200EFE09F /* LaunchScreen.xib in Resources */,
				27539FFB1B843C1200EFE09F /* Images.xcassets in Resources */,
			);
			runOnlyForDeploymentPostprocessing = 0;
		};
		2753A0011B843C1200EFE09F /* Resources */ = {
			isa = PBXResourcesBuildPhase;
			buildActionMask = 2147483647;
			files = (
			);
			runOnlyForDeploymentPostprocessing = 0;
		};
/* End PBXResourcesBuildPhase section */

/* Begin PBXSourcesBuildPhase section */
		27539FEA1B843C1200EFE09F /* Sources */ = {
			isa = PBXSourcesBuildPhase;
			buildActionMask = 2147483647;
			files = (
				27539FF61B843C1200EFE09F /* ViewController.swift in Sources */,
				27539FF41B843C1200EFE09F /* AppDelegate.swift in Sources */,
			);
			runOnlyForDeploymentPostprocessing = 0;
		};
		27539FFF1B843C1200EFE09F /* Sources */ = {
			isa = PBXSourcesBuildPhase;
			buildActionMask = 2147483647;
			files = (
				2753A00A1B843C1200EFE09F /* SceneKitTutorialTests.swift in Sources */,
			);
			runOnlyForDeploymentPostprocessing = 0;
		};
/* End PBXSourcesBuildPhase section */

/* Begin PBXTargetDependency section */
		2753A0051B843C1200EFE09F /* PBXTargetDependency */ = {
			isa = PBXTargetDependency;
			target = 27539FED1B843C1200EFE09F /* SceneKitTutorial */;
			targetProxy = 2753A0041B843C1200EFE09F /* PBXContainerItemProxy */;
		};
/* End PBXTargetDependency section */

/* Begin PBXVariantGroup section */
		27539FF71B843C1200EFE09F /* Main.storyboard */ = {
			isa = PBXVariantGroup;
			children = (
				27539FF81B843C1200EFE09F /* Base */,
			);
			name = Main.storyboard;
			sourceTree = "<group>";
		};
		27539FFC1B843C1200EFE09F /* LaunchScreen.xib */ = {
			isa = PBXVariantGroup;
			children = (
				27539FFD1B843C1200EFE09F /* Base */,
			);
			name = LaunchScreen.xib;
			sourceTree = "<group>";
		};
/* End PBXVariantGroup section */

/* Begin XCBuildConfiguration section */
		2753A00B1B843C1200EFE09F /* Debug */ = {
			isa = XCBuildConfiguration;
			buildSettings = {
				ALWAYS_SEARCH_USER_PATHS = NO;
				CLANG_CXX_LANGUAGE_STANDARD = "gnu++0x";
				CLANG_CXX_LIBRARY = "libc++";
				CLANG_ENABLE_MODULES = YES;
				CLANG_ENABLE_OBJC_ARC = YES;
				CLANG_WARN_BOOL_CONVERSION = YES;
				CLANG_WARN_CONSTANT_CONVERSION = YES;
				CLANG_WARN_DIRECT_OBJC_ISA_USAGE = YES_ERROR;
				CLANG_WARN_EMPTY_BODY = YES;
				CLANG_WARN_ENUM_CONVERSION = YES;
				CLANG_WARN_INT_CONVERSION = YES;
				CLANG_WARN_OBJC_ROOT_CLASS = YES_ERROR;
				CLANG_WARN_UNREACHABLE_CODE = YES;
				CLANG_WARN__DUPLICATE_METHOD_MATCH = YES;
				"CODE_SIGN_IDENTITY[sdk=iphoneos*]" = "iPhone Developer";
				COPY_PHASE_STRIP = NO;
				DEBUG_INFORMATION_FORMAT = "dwarf-with-dsym";
				ENABLE_STRICT_OBJC_MSGSEND = YES;
				GCC_C_LANGUAGE_STANDARD = gnu99;
				GCC_DYNAMIC_NO_PIC = NO;
				GCC_NO_COMMON_BLOCKS = YES;
				GCC_OPTIMIZATION_LEVEL = 0;
				GCC_PREPROCESSOR_DEFINITIONS = (
					"DEBUG=1",
					"$(inherited)",
				);
				GCC_SYMBOLS_PRIVATE_EXTERN = NO;
				GCC_WARN_64_TO_32_BIT_CONVERSION = YES;
				GCC_WARN_ABOUT_RETURN_TYPE = YES_ERROR;
				GCC_WARN_UNDECLARED_SELECTOR = YES;
				GCC_WARN_UNINITIALIZED_AUTOS = YES_AGGRESSIVE;
				GCC_WARN_UNUSED_FUNCTION = YES;
				GCC_WARN_UNUSED_VARIABLE = YES;
				IPHONEOS_DEPLOYMENT_TARGET = 8.4;
				MTL_ENABLE_DEBUG_INFO = YES;
				ONLY_ACTIVE_ARCH = YES;
				SDKROOT = iphoneos;
				SWIFT_OPTIMIZATION_LEVEL = "-Onone";
				TARGETED_DEVICE_FAMILY = "1,2";
			};
			name = Debug;
		};
		2753A00C1B843C1200EFE09F /* Release */ = {
			isa = XCBuildConfiguration;
			buildSettings = {
				ALWAYS_SEARCH_USER_PATHS = NO;
				CLANG_CXX_LANGUAGE_STANDARD = "gnu++0x";
				CLANG_CXX_LIBRARY = "libc++";
				CLANG_ENABLE_MODULES = YES;
				CLANG_ENABLE_OBJC_ARC = YES;
				CLANG_WARN_BOOL_CONVERSION = YES;
				CLANG_WARN_CONSTANT_CONVERSION = YES;
				CLANG_WARN_DIRECT_OBJC_ISA_USAGE = YES_ERROR;
				CLANG_WARN_EMPTY_BODY = YES;
				CLANG_WARN_ENUM_CONVERSION = YES;
				CLANG_WARN_INT_CONVERSION = YES;
				CLANG_WARN_OBJC_ROOT_CLASS = YES_ERROR;
				CLANG_WARN_UNREACHABLE_CODE = YES;
				CLANG_WARN__DUPLICATE_METHOD_MATCH = YES;
				"CODE_SIGN_IDENTITY[sdk=iphoneos*]" = "iPhone Developer";
				COPY_PHASE_STRIP = NO;
				DEBUG_INFORMATION_FORMAT = "dwarf-with-dsym";
				ENABLE_NS_ASSERTIONS = NO;
				ENABLE_STRICT_OBJC_MSGSEND = YES;
				GCC_C_LANGUAGE_STANDARD = gnu99;
				GCC_NO_COMMON_BLOCKS = YES;
				GCC_WARN_64_TO_32_BIT_CONVERSION = YES;
				GCC_WARN_ABOUT_RETURN_TYPE = YES_ERROR;
				GCC_WARN_UNDECLARED_SELECTOR = YES;
				GCC_WARN_UNINITIALIZED_AUTOS = YES_AGGRESSIVE;
				GCC_WARN_UNUSED_FUNCTION = YES;
				GCC_WARN_UNUSED_VARIABLE = YES;
				IPHONEOS_DEPLOYMENT_TARGET = 8.4;
				MTL_ENABLE_DEBUG_INFO = NO;
				SDKROOT = iphoneos;
				TARGETED_DEVICE_FAMILY = "1,2";
				VALIDATE_PRODUCT = YES;
			};
			name = Release;
		};
		2753A00E1B843C1200EFE09F /* Debug */ = {
			isa = XCBuildConfiguration;
			buildSettings = {
				ASSETCATALOG_COMPILER_APPICON_NAME = AppIcon;
				INFOPLIST_FILE = SceneKitTutorial/Info.plist;
				LD_RUNPATH_SEARCH_PATHS = "$(inherited) @executable_path/Frameworks";
				PRODUCT_NAME = "$(TARGET_NAME)";
			};
			name = Debug;
		};
		2753A00F1B843C1200EFE09F /* Release */ = {
			isa = XCBuildConfiguration;
			buildSettings = {
				ASSETCATALOG_COMPILER_APPICON_NAME = AppIcon;
				INFOPLIST_FILE = SceneKitTutorial/Info.plist;
				LD_RUNPATH_SEARCH_PATHS = "$(inherited) @executable_path/Frameworks";
				PRODUCT_NAME = "$(TARGET_NAME)";
			};
			name = Release;
		};
		2753A0111B843C1200EFE09F /* Debug */ = {
			isa = XCBuildConfiguration;
			buildSettings = {
				BUNDLE_LOADER = "$(TEST_HOST)";
				FRAMEWORK_SEARCH_PATHS = (
					"$(SDKROOT)/Developer/Library/Frameworks",
					"$(inherited)",
				);
				GCC_PREPROCESSOR_DEFINITIONS = (
					"DEBUG=1",
					"$(inherited)",
				);
				INFOPLIST_FILE = SceneKitTutorialTests/Info.plist;
				LD_RUNPATH_SEARCH_PATHS = "$(inherited) @executable_path/Frameworks @loader_path/Frameworks";
				PRODUCT_NAME = "$(TARGET_NAME)";
				TEST_HOST = "$(BUILT_PRODUCTS_DIR)/SceneKitTutorial.app/SceneKitTutorial";
			};
			name = Debug;
		};
		2753A0121B843C1200EFE09F /* Release */ = {
			isa = XCBuildConfiguration;
			buildSettings = {
				BUNDLE_LOADER = "$(TEST_HOST)";
				FRAMEWORK_SEARCH_PATHS = (
					"$(SDKROOT)/Developer/Library/Frameworks",
					"$(inherited)",
				);
				INFOPLIST_FILE = SceneKitTutorialTests/Info.plist;
				LD_RUNPATH_SEARCH_PATHS = "$(inherited) @executable_path/Frameworks @loader_path/Frameworks";
				PRODUCT_NAME = "$(TARGET_NAME)";
				TEST_HOST = "$(BUILT_PRODUCTS_DIR)/SceneKitTutorial.app/SceneKitTutorial";
			};
			name = Release;
		};
/* End XCBuildConfiguration section */

/* Begin XCConfigurationList section */
		27539FE91B843C1200EFE09F /* Build configuration list for PBXProject "SceneKitTutorial" */ = {
			isa = XCConfigurationList;
			buildConfigurations = (
				2753A00B1B843C1200EFE09F /* Debug */,
				2753A00C1B843C1200EFE09F /* Release */,
			);
			defaultConfigurationIsVisible = 0;
			defaultConfigurationName = Release;
		};
		2753A00D1B843C1200EFE09F /* Build configuration list for PBXNativeTarget "SceneKitTutorial" */ = {
			isa = XCConfigurationList;
			buildConfigurations = (
				2753A00E1B843C1200EFE09F /* Debug */,
				2753A00F1B843C1200EFE09F /* Release */,
			);
			defaultConfigurationIsVisible = 0;
		};
		2753A0101B843C1200EFE09F /* Build configuration list for PBXNativeTarget "SceneKitTutorialTests" */ = {
			isa = XCConfigurationList;
			buildConfigurations = (
				2753A0111B843C1200EFE09F /* Debug */,
				2753A0121B843C1200EFE09F /* Release */,
			);
			defaultConfigurationIsVisible = 0;
		};
/* End XCConfigurationList section */
	};
	rootObject = 27539FE61B843C1200EFE09F /* Project object */;
}
